{
  "name": "meilisearch-wordpress",
  "version": "1.0.0",
  "lockfileVersion": 1,
  "requires": true,
  "dependencies": {
    "@meilisearch/instant-meilisearch": {
      "version": "0.2.5",
      "resolved": "https://registry.npmjs.org/@meilisearch/instant-meilisearch/-/instant-meilisearch-0.2.5.tgz",
      "integrity": "sha512-tBOjqwyW9A0PIEyjP7q0z6Mn3+y1PmRx2nhjKdZTGWNdbJqd+Km1B4iaFDapEMqWlG80EdR4cqXhnVPlTAPvng==",
      "requires": {
        "meilisearch": "^0.16.0"
      }
    },
    "cross-fetch": {
      "version": "3.0.6",
      "resolved": "https://registry.npmjs.org/cross-fetch/-/cross-fetch-3.0.6.tgz",
      "integrity": "sha512-KBPUbqgFjzWlVcURG+Svp9TlhA5uliYtiNx/0r8nv0pdypeQCRJ9IaSIc3q/x3q8t3F75cHuwxVql1HFGHCNJQ==",
      "requires": {
        "node-fetch": "2.6.1"
      }
    },
    "meilisearch": {
      "version": "0.16.1",
      "resolved": "https://registry.npmjs.org/meilisearch/-/meilisearch-0.16.1.tgz",
      "integrity": "sha512-KrKDaX0gvsiIKGbmmUShrv4xLQ0BqUjhftQ4/2PM1lMHmhUyfTFzrUfK3CToRAlUxZ/sEpf8SeAlTkKP4QBGsw==",
      "requires": {
        "cross-fetch": "^3.0.5"
      }
    },
    "node-fetch": {
      "version": "2.6.1",
      "resolved": "https://registry.npmjs.org/node-fetch/-/node-fetch-2.6.1.tgz",
      "integrity": "sha512-V4aYg89jEoVRxRb2fJdAg8FHvI7cEyYdVAh94HH0UIK8oJxUfkjlDQN9RbMx+bEjP7+ggMiFRprSti032Oipxw=="
    }
  }
}
